// !$*UTF8*$!
{
	archiveVersion = 1;
	classes = {
	};
	objectVersion = 50;
	objects = {

/* Begin PBXBuildFile section */
		8438843F21A8C3CE0075740D /* SwipeTableViewController.swift in Sources */ = {isa = PBXBuildFile; fileRef = 8438843E21A8C3CE0075740D /* SwipeTableViewController.swift */; };
		846B8EEE21A4AA9100C43A71 /* Item.swift in Sources */ = {isa = PBXBuildFile; fileRef = 846B8EED21A4AA9100C43A71 /* Item.swift */; };
		846B8EF021A4AAA800C43A71 /* Category.swift in Sources */ = {isa = PBXBuildFile; fileRef = 846B8EEF21A4AAA800C43A71 /* Category.swift */; };
		84FC1F2821A2FE9800E9AB3A /* AppDelegate.swift in Sources */ = {isa = PBXBuildFile; fileRef = 84FC1F2721A2FE9800E9AB3A /* AppDelegate.swift */; };
		84FC1F2A21A2FE9800E9AB3A /* TodoListViewController.swift in Sources */ = {isa = PBXBuildFile; fileRef = 84FC1F2921A2FE9800E9AB3A /* TodoListViewController.swift */; };
		84FC1F2D21A2FE9800E9AB3A /* Main.storyboard in Resources */ = {isa = PBXBuildFile; fileRef = 84FC1F2B21A2FE9800E9AB3A /* Main.storyboard */; };
		84FC1F2F21A2FE9900E9AB3A /* Assets.xcassets in Resources */ = {isa = PBXBuildFile; fileRef = 84FC1F2E21A2FE9900E9AB3A /* Assets.xcassets */; };
		84FC1F3221A2FE9900E9AB3A /* LaunchScreen.storyboard in Resources */ = {isa = PBXBuildFile; fileRef = 84FC1F3021A2FE9900E9AB3A /* LaunchScreen.storyboard */; };
		84FC1F6421A3B02B00E9AB3A /* CategoryViewController.swift in Sources */ = {isa = PBXBuildFile; fileRef = 84FC1F6321A3B02B00E9AB3A /* CategoryViewController.swift */; };
		88E3720A1CDDBD8E338CCADE /* Pods_Todoe.framework in Frameworks */ = {isa = PBXBuildFile; fileRef = 03D23BA7FCCD5C4CB2AE3353 /* Pods_Todoe.framework */; };
/* End PBXBuildFile section */

/* Begin PBXFileReference section */
		03D23BA7FCCD5C4CB2AE3353 /* Pods_Todoe.framework */ = {isa = PBXFileReference; explicitFileType = wrapper.framework; includeInIndex = 0; path = Pods_Todoe.framework; sourceTree = BUILT_PRODUCTS_DIR; };
		8438843E21A8C3CE0075740D /* SwipeTableViewController.swift */ = {isa = PBXFileReference; lastKnownFileType = sourcecode.swift; path = SwipeTableViewController.swift; sourceTree = "<group>"; };
		846B8EED21A4AA9100C43A71 /* Item.swift */ = {isa = PBXFileReference; lastKnownFileType = sourcecode.swift; path = Item.swift; sourceTree = "<group>"; };
		846B8EEF21A4AAA800C43A71 /* Category.swift */ = {isa = PBXFileReference; lastKnownFileType = sourcecode.swift; path = Category.swift; sourceTree = "<group>"; };
		84FC1F2421A2FE9800E9AB3A /* Todoe.app */ = {isa = PBXFileReference; explicitFileType = wrapper.application; includeInIndex = 0; path = Todoe.app; sourceTree = BUILT_PRODUCTS_DIR; };
		84FC1F2721A2FE9800E9AB3A /* AppDelegate.swift */ = {isa = PBXFileReference; lastKnownFileType = sourcecode.swift; path = AppDelegate.swift; sourceTree = "<group>"; };
		84FC1F2921A2FE9800E9AB3A /* TodoListViewController.swift */ = {isa = PBXFileReference; lastKnownFileType = sourcecode.swift; path = TodoListViewController.swift; sourceTree = "<group>"; };
		84FC1F2C21A2FE9800E9AB3A /* Base */ = {isa = PBXFileReference; lastKnownFileType = file.storyboard; name = Base; path = Base.lproj/Main.storyboard; sourceTree = "<group>"; };
		84FC1F2E21A2FE9900E9AB3A /* Assets.xcassets */ = {isa = PBXFileReference; lastKnownFileType = folder.assetcatalog; path = Assets.xcassets; sourceTree = "<group>"; };
		84FC1F3121A2FE9900E9AB3A /* Base */ = {isa = PBXFileReference; lastKnownFileType = file.storyboard; name = Base; path = Base.lproj/LaunchScreen.storyboard; sourceTree = "<group>"; };
		84FC1F3321A2FE9900E9AB3A /* Info.plist */ = {isa = PBXFileReference; lastKnownFileType = text.plist.xml; path = Info.plist; sourceTree = "<group>"; };
		84FC1F6321A3B02B00E9AB3A /* CategoryViewController.swift */ = {isa = PBXFileReference; lastKnownFileType = sourcecode.swift; path = CategoryViewController.swift; sourceTree = "<group>"; };
		B68886440BC285492BF5052B /* Pods-Todoe.debug.xcconfig */ = {isa = PBXFileReference; includeInIndex = 1; lastKnownFileType = text.xcconfig; name = "Pods-Todoe.debug.xcconfig"; path = "Pods/Target Support Files/Pods-Todoe/Pods-Todoe.debug.xcconfig"; sourceTree = "<group>"; };
		FFB88B5B9E4590BD2897D916 /* Pods-Todoe.release.xcconfig */ = {isa = PBXFileReference; includeInIndex = 1; lastKnownFileType = text.xcconfig; name = "Pods-Todoe.release.xcconfig"; path = "Pods/Target Support Files/Pods-Todoe/Pods-Todoe.release.xcconfig"; sourceTree = "<group>"; };
/* End PBXFileReference section */

/* Begin PBXFrameworksBuildPhase section */
		84FC1F2121A2FE9800E9AB3A /* Frameworks */ = {
			isa = PBXFrameworksBuildPhase;
			buildActionMask = 2147483647;
			files = (
				88E3720A1CDDBD8E338CCADE /* Pods_Todoe.framework in Frameworks */,
			);
			runOnlyForDeploymentPostprocessing = 0;
		};
/* End PBXFrameworksBuildPhase section */

/* Begin PBXGroup section */
		04F5555A54BE47CC3F11F5A6 /* Pods */ = {
			isa = PBXGroup;
			children = (
				B68886440BC285492BF5052B /* Pods-Todoe.debug.xcconfig */,
				FFB88B5B9E4590BD2897D916 /* Pods-Todoe.release.xcconfig */,
			);
			name = Pods;
			sourceTree = "<group>";
		};
		6ABA9465724B5F49989931D9 /* Frameworks */ = {
			isa = PBXGroup;
			children = (
				03D23BA7FCCD5C4CB2AE3353 /* Pods_Todoe.framework */,
			);
			name = Frameworks;
			sourceTree = "<group>";
		};
		84FC1F1B21A2FE9800E9AB3A = {
			isa = PBXGroup;
			children = (
				84FC1F2621A2FE9800E9AB3A /* Todoe */,
				84FC1F2521A2FE9800E9AB3A /* Products */,
				04F5555A54BE47CC3F11F5A6 /* Pods */,
				6ABA9465724B5F49989931D9 /* Frameworks */,
			);
			sourceTree = "<group>";
		};
		84FC1F2521A2FE9800E9AB3A /* Products */ = {
			isa = PBXGroup;
			children = (
				84FC1F2421A2FE9800E9AB3A /* Todoe.app */,
			);
			name = Products;
			sourceTree = "<group>";
		};
		84FC1F2621A2FE9800E9AB3A /* Todoe */ = {
			isa = PBXGroup;
			children = (
				84FC1F2721A2FE9800E9AB3A /* AppDelegate.swift */,
				84FC1F3E21A3251200E9AB3A /* Supporting Files */,
				84FC1F3D21A324E400E9AB3A /* Views */,
				84FC1F3C21A324CF00E9AB3A /* Controllers */,
				84FC1F3B21A324B400E9AB3A /* Data Model */,
				84FC1F3321A2FE9900E9AB3A /* Info.plist */,
			);
			path = Todoe;
			sourceTree = "<group>";
		};
		84FC1F3B21A324B400E9AB3A /* Data Model */ = {
			isa = PBXGroup;
			children = (
				846B8EEF21A4AAA800C43A71 /* Category.swift */,
				846B8EED21A4AA9100C43A71 /* Item.swift */,
			);
			path = "Data Model";
			sourceTree = "<group>";
		};
		84FC1F3C21A324CF00E9AB3A /* Controllers */ = {
			isa = PBXGroup;
			children = (
				84FC1F6321A3B02B00E9AB3A /* CategoryViewController.swift */,
				84FC1F2921A2FE9800E9AB3A /* TodoListViewController.swift */,
				8438843E21A8C3CE0075740D /* SwipeTableViewController.swift */,
			);
			path = Controllers;
			sourceTree = "<group>";
		};
		84FC1F3D21A324E400E9AB3A /* Views */ = {
			isa = PBXGroup;
			children = (
				84FC1F2B21A2FE9800E9AB3A /* Main.storyboard */,
			);
			path = Views;
			sourceTree = "<group>";
		};
		84FC1F3E21A3251200E9AB3A /* Supporting Files */ = {
			isa = PBXGroup;
			children = (
				84FC1F2E21A2FE9900E9AB3A /* Assets.xcassets */,
				84FC1F3021A2FE9900E9AB3A /* LaunchScreen.storyboard */,
			);
			path = "Supporting Files";
			sourceTree = "<group>";
		};
/* End PBXGroup section */

/* Begin PBXNativeTarget section */
		84FC1F2321A2FE9800E9AB3A /* Todoe */ = {
			isa = PBXNativeTarget;
			buildConfigurationList = 84FC1F3621A2FE9900E9AB3A /* Build configuration list for PBXNativeTarget "Todoe" */;
			buildPhases = (
				D858C3380071BC81440D451C /* [CP] Check Pods Manifest.lock */,
				84FC1F2021A2FE9800E9AB3A /* Sources */,
				84FC1F2121A2FE9800E9AB3A /* Frameworks */,
				84FC1F2221A2FE9800E9AB3A /* Resources */,
				6FB4B480B845109E4D75E12A /* [CP] Embed Pods Frameworks */,
			);
			buildRules = (
			);
			dependencies = (
			);
			name = Todoe;
			productName = Todoe;
			productReference = 84FC1F2421A2FE9800E9AB3A /* Todoe.app */;
			productType = "com.apple.product-type.application";
		};
/* End PBXNativeTarget section */

/* Begin PBXProject section */
		84FC1F1C21A2FE9800E9AB3A /* Project object */ = {
			isa = PBXProject;
			attributes = {
				LastSwiftUpdateCheck = 1010;
				LastUpgradeCheck = 1010;
				ORGANIZATIONNAME = nortohol;
				TargetAttributes = {
					84FC1F2321A2FE9800E9AB3A = {
						CreatedOnToolsVersion = 10.1;
					};
				};
			};
			buildConfigurationList = 84FC1F1F21A2FE9800E9AB3A /* Build configuration list for PBXProject "Todoe" */;
			compatibilityVersion = "Xcode 9.3";
			developmentRegion = en;
			hasScannedForEncodings = 0;
			knownRegions = (
				en,
				Base,
			);
			mainGroup = 84FC1F1B21A2FE9800E9AB3A;
			productRefGroup = 84FC1F2521A2FE9800E9AB3A /* Products */;
			projectDirPath = "";
			projectRoot = "";
			targets = (
				84FC1F2321A2FE9800E9AB3A /* Todoe */,
			);
		};
/* End PBXProject section */

/* Begin PBXResourcesBuildPhase section */
		84FC1F2221A2FE9800E9AB3A /* Resources */ = {
			isa = PBXResourcesBuildPhase;
			buildActionMask = 2147483647;
			files = (
				84FC1F3221A2FE9900E9AB3A /* LaunchScreen.storyboard in Resources */,
				84FC1F2F21A2FE9900E9AB3A /* Assets.xcassets in Resources */,
				84FC1F2D21A2FE9800E9AB3A /* Main.storyboard in Resources */,
			);
			runOnlyForDeploymentPostprocessing = 0;
		};
/* End PBXResourcesBuildPhase section */

/* Begin PBXShellScriptBuildPhase section */
		6FB4B480B845109E4D75E12A /* [CP] Embed Pods Frameworks */ = {
			isa = PBXShellScriptBuildPhase;
			buildActionMask = 2147483647;
			files = (
			);
			inputFileListPaths = (
			);
			inputPaths = (
				"${SRCROOT}/Pods/Target Support Files/Pods-Todoe/Pods-Todoe-frameworks.sh",
				"${BUILT_PRODUCTS_DIR}/Realm/Realm.framework",
				"${BUILT_PRODUCTS_DIR}/RealmSwift/RealmSwift.framework",
				"${BUILT_PRODUCTS_DIR}/SwipeCellKit/SwipeCellKit.framework",
			);
			name = "[CP] Embed Pods Frameworks";
			outputFileListPaths = (
			);
			outputPaths = (
				"${TARGET_BUILD_DIR}/${FRAMEWORKS_FOLDER_PATH}/Realm.framework",
				"${TARGET_BUILD_DIR}/${FRAMEWORKS_FOLDER_PATH}/RealmSwift.framework",
				"${TARGET_BUILD_DIR}/${FRAMEWORKS_FOLDER_PATH}/SwipeCellKit.framework",
			);
			runOnlyForDeploymentPostprocessing = 0;
			shellPath = /bin/sh;
			shellScript = "\"${SRCROOT}/Pods/Target Support Files/Pods-Todoe/Pods-Todoe-frameworks.sh\"\n";
			showEnvVarsInLog = 0;
		};
		D858C3380071BC81440D451C /* [CP] Check Pods Manifest.lock */ = {
			isa = PBXShellScriptBuildPhase;
			buildActionMask = 2147483647;
			files = (
			);
			inputFileListPaths = (
			);
			inputPaths = (
				"${PODS_PODFILE_DIR_PATH}/Podfile.lock",
				"${PODS_ROOT}/Manifest.lock",
			);
			name = "[CP] Check Pods Manifest.lock";
			outputFileListPaths = (
			);
			outputPaths = (
				"$(DERIVED_FILE_DIR)/Pods-Todoe-checkManifestLockResult.txt",
			);
			runOnlyForDeploymentPostprocessing = 0;
			shellPath = /bin/sh;
			shellScript = "diff \"${PODS_PODFILE_DIR_PATH}/Podfile.lock\" \"${PODS_ROOT}/Manifest.lock\" > /dev/null\nif [ $? != 0 ] ; then\n    # print error to STDERR\n    echo \"error: The sandbox is not in sync with the Podfile.lock. Run 'pod install' or update your CocoaPods installation.\" >&2\n    exit 1\nfi\n# This output is used by Xcode 'outputs' to avoid re-running this script phase.\necho \"SUCCESS\" > \"${SCRIPT_OUTPUT_FILE_0}\"\n";
			showEnvVarsInLog = 0;
		};
/* End PBXShellScriptBuildPhase section */

/* Begin PBXSourcesBuildPhase section */
		84FC1F2021A2FE9800E9AB3A /* Sources */ = {
			isa = PBXSourcesBuildPhase;
			buildActionMask = 2147483647;
			files = (
				846B8EEE21A4AA9100C43A71 /* Item.swift in Sources */,
				84FC1F6421A3B02B00E9AB3A /* CategoryViewController.swift in Sources */,
				84FC1F2A21A2FE9800E9AB3A /* TodoListViewController.swift in Sources */,
				84FC1F2821A2FE9800E9AB3A /* AppDelegate.swift in Sources */,
				8438843F21A8C3CE0075740D /* SwipeTableViewController.swift in Sources */,
				846B8EF021A4AAA800C43A71 /* Category.swift in Sources */,
			);
			runOnlyForDeploymentPostprocessing = 0;
		};
/* End PBXSourcesBuildPhase section */

/* Begin PBXVariantGroup section */
		84FC1F2B21A2FE9800E9AB3A /* Main.storyboard */ = {
			isa = PBXVariantGroup;
			children = (
				84FC1F2C21A2FE9800E9AB3A /* Base */,
			);
			name = Main.storyboard;
			sourceTree = "<group>";
		};
		84FC1F3021A2FE9900E9AB3A /* LaunchScreen.storyboard */ = {
			isa = PBXVariantGroup;
			children = (
				84FC1F3121A2FE9900E9AB3A /* Base */,
			);
			name = LaunchScreen.storyboard;
			sourceTree = "<group>";
		};
/* End PBXVariantGroup section */

/* Begin XCBuildConfiguration section */
		84FC1F3421A2FE9900E9AB3A /* Debug */ = {
			isa = XCBuildConfiguration;
			buildSettings = {
				ALWAYS_SEARCH_USER_PATHS = NO;
				CLANG_ANALYZER_NONNULL = YES;
				CLANG_ANALYZER_NUMBER_OBJECT_CONVERSION = YES_AGGRESSIVE;
				CLANG_CXX_LANGUAGE_STANDARD = "gnu++14";
				CLANG_CXX_LIBRARY = "libc++";
				CLANG_ENABLE_MODULES = YES;
				CLANG_ENABLE_OBJC_ARC = YES;
				CLANG_ENABLE_OBJC_WEAK = YES;
				CLANG_WARN_BLOCK_CAPTURE_AUTORELEASING = YES;
				CLANG_WARN_BOOL_CONVERSION = YES;
				CLANG_WARN_COMMA = YES;
				CLANG_WARN_CONSTANT_CONVERSION = YES;
				CLANG_WARN_DEPRECATED_OBJC_IMPLEMENTATIONS = YES;
				CLANG_WARN_DIRECT_OBJC_ISA_USAGE = YES_ERROR;
				CLANG_WARN_DOCUMENTATION_COMMENTS = YES;
				CLANG_WARN_EMPTY_BODY = YES;
				CLANG_WARN_ENUM_CONVERSION = YES;
				CLANG_WARN_INFINITE_RECURSION = YES;
				CLANG_WARN_INT_CONVERSION = YES;
				CLANG_WARN_NON_LITERAL_NULL_CONVERSION = YES;
				CLANG_WARN_OBJC_IMPLICIT_RETAIN_SELF = YES;
				CLANG_WARN_OBJC_LITERAL_CONVERSION = YES;
				CLANG_WARN_OBJC_ROOT_CLASS = YES_ERROR;
				CLANG_WARN_RANGE_LOOP_ANALYSIS = YES;
				CLANG_WARN_STRICT_PROTOTYPES = YES;
				CLANG_WARN_SUSPICIOUS_MOVE = YES;
				CLANG_WARN_UNGUARDED_AVAILABILITY = YES_AGGRESSIVE;
				CLANG_WARN_UNREACHABLE_CODE = YES;
				CLANG_WARN__DUPLICATE_METHOD_MATCH = YES;
				CODE_SIGN_IDENTITY = "iPhone Developer";
				COPY_PHASE_STRIP = NO;
				DEBUG_INFORMATION_FORMAT = dwarf;
				ENABLE_STRICT_OBJC_MSGSEND = YES;
				ENABLE_TESTABILITY = YES;
				GCC_C_LANGUAGE_STANDARD = gnu11;
				GCC_DYNAMIC_NO_PIC = NO;
				GCC_NO_COMMON_BLOCKS = YES;
				GCC_OPTIMIZATION_LEVEL = 0;
				GCC_PREPROCESSOR_DEFINITIONS = (
					"DEBUG=1",
					"$(inherited)",
				);
				GCC_WARN_64_TO_32_BIT_CONVERSION = YES;
				GCC_WARN_ABOUT_RETURN_TYPE = YES_ERROR;
				GCC_WARN_UNDECLARED_SELECTOR = YES;
				GCC_WARN_UNINITIALIZED_AUTOS = YES_AGGRESSIVE;
				GCC_WARN_UNUSED_FUNCTION = YES;
				GCC_WARN_UNUSED_VARIABLE = YES;
				IPHONEOS_DEPLOYMENT_TARGET = 12.1;
				MTL_ENABLE_DEBUG_INFO = INCLUDE_SOURCE;
				MTL_FAST_MATH = YES;
				ONLY_ACTIVE_ARCH = YES;
				SDKROOT = iphoneos;
				SWIFT_ACTIVE_COMPILATION_CONDITIONS = DEBUG;
				SWIFT_OPTIMIZATION_LEVEL = "-Onone";
			};
			name = Debug;
		};
		84FC1F3521A2FE9900E9AB3A /* Release */ = {
			isa = XCBuildConfiguration;
			buildSettings = {
				ALWAYS_SEARCH_USER_PATHS = NO;
				CLANG_ANALYZER_NONNULL = YES;
				CLANG_ANALYZER_NUMBER_OBJECT_CONVERSION = YES_AGGRESSIVE;
				CLANG_CXX_LANGUAGE_STANDARD = "gnu++14";
				CLANG_CXX_LIBRARY = "libc++";
				CLANG_ENABLE_MODULES = YES;
				CLANG_ENABLE_OBJC_ARC = YES;
				CLANG_ENABLE_OBJC_WEAK = YES;
				CLANG_WARN_BLOCK_CAPTURE_AUTORELEASING = YES;
				CLANG_WARN_BOOL_CONVERSION = YES;
				CLANG_WARN_COMMA = YES;
				CLANG_WARN_CONSTANT_CONVERSION = YES;
				CLANG_WARN_DEPRECATED_OBJC_IMPLEMENTATIONS = YES;
				CLANG_WARN_DIRECT_OBJC_ISA_USAGE = YES_ERROR;
				CLANG_WARN_DOCUMENTATION_COMMENTS = YES;
				CLANG_WARN_EMPTY_BODY = YES;
				CLANG_WARN_ENUM_CONVERSION = YES;
				CLANG_WARN_INFINITE_RECURSION = YES;
				CLANG_WARN_INT_CONVERSION = YES;
				CLANG_WARN_NON_LITERAL_NULL_CONVERSION = YES;
				CLANG_WARN_OBJC_IMPLICIT_RETAIN_SELF = YES;
				CLANG_WARN_OBJC_LITERAL_CONVERSION = YES;
				CLANG_WARN_OBJC_ROOT_CLASS = YES_ERROR;
				CLANG_WARN_RANGE_LOOP_ANALYSIS = YES;
				CLANG_WARN_STRICT_PROTOTYPES = YES;
				CLANG_WARN_SUSPICIOUS_MOVE = YES;
				CLANG_WARN_UNGUARDED_AVAILABILITY = YES_AGGRESSIVE;
				CLANG_WARN_UNREACHABLE_CODE = YES;
				CLANG_WARN__DUPLICATE_METHOD_MATCH = YES;
				CODE_SIGN_IDENTITY = "iPhone Developer";
				COPY_PHASE_STRIP = NO;
				DEBUG_INFORMATION_FORMAT = "dwarf-with-dsym";
				ENABLE_NS_ASSERTIONS = NO;
				ENABLE_STRICT_OBJC_MSGSEND = YES;
				GCC_C_LANGUAGE_STANDARD = gnu11;
				GCC_NO_COMMON_BLOCKS = YES;
				GCC_WARN_64_TO_32_BIT_CONVERSION = YES;
				GCC_WARN_ABOUT_RETURN_TYPE = YES_ERROR;
				GCC_WARN_UNDECLARED_SELECTOR = YES;
				GCC_WARN_UNINITIALIZED_AUTOS = YES_AGGRESSIVE;
				GCC_WARN_UNUSED_FUNCTION = YES;
				GCC_WARN_UNUSED_VARIABLE = YES;
				IPHONEOS_DEPLOYMENT_TARGET = 12.1;
				MTL_ENABLE_DEBUG_INFO = NO;
				MTL_FAST_MATH = YES;
				SDKROOT = iphoneos;
				SWIFT_COMPILATION_MODE = wholemodule;
				SWIFT_OPTIMIZATION_LEVEL = "-O";
				VALIDATE_PRODUCT = YES;
			};
			name = Release;
		};
		84FC1F3721A2FE9900E9AB3A /* Debug */ = {
			isa = XCBuildConfiguration;
			baseConfigurationReference = B68886440BC285492BF5052B /* Pods-Todoe.debug.xcconfig */;
			buildSettings = {
				ASSETCATALOG_COMPILER_APPICON_NAME = AppIcon;
				CODE_SIGN_STYLE = Automatic;
				DEVELOPMENT_TEAM = 9RG4P634T3;
				INFOPLIST_FILE = Todoe/Info.plist;
				LD_RUNPATH_SEARCH_PATHS = (
					"$(inherited)",
					"@executable_path/Frameworks",
				);
				PRODUCT_BUNDLE_IDENTIFIER = com.nortohol.Dicee;
				PRODUCT_NAME = "$(TARGET_NAME)";
				SWIFT_VERSION = 4.2;
				TARGETED_DEVICE_FAMILY = "1,2";
			};
			name = Debug;
		};
		84FC1F3821A2FE9900E9AB3A /* Release */ = {
			isa = XCBuildConfiguration;
			baseConfigurationReference = FFB88B5B9E4590BD2897D916 /* Pods-Todoe.release.xcconfig */;
			buildSettings = {
				ASSETCATALOG_COMPILER_APPICON_NAME = AppIcon;
				CODE_SIGN_STYLE = Automatic;
				DEVELOPMENT_TEAM = 9RG4P634T3;
				INFOPLIST_FILE = Todoe/Info.plist;
				LD_RUNPATH_SEARCH_PATHS = (
					"$(inherited)",
					"@executable_path/Frameworks",
				);
				PRODUCT_BUNDLE_IDENTIFIER = com.nortohol.Dicee;
				PRODUCT_NAME = "$(TARGET_NAME)";
				SWIFT_VERSION = 4.2;
				TARGETED_DEVICE_FAMILY = "1,2";
			};
			name = Release;
		};
/* End XCBuildConfiguration section */

/* Begin XCConfigurationList section */
		84FC1F1F21A2FE9800E9AB3A /* Build configuration list for PBXProject "Todoe" */ = {
			isa = XCConfigurationList;
			buildConfigurations = (
				84FC1F3421A2FE9900E9AB3A /* Debug */,
				84FC1F3521A2FE9900E9AB3A /* Release */,
			);
			defaultConfigurationIsVisible = 0;
			defaultConfigurationName = Release;
		};
		84FC1F3621A2FE9900E9AB3A /* Build configuration list for PBXNativeTarget "Todoe" */ = {
			isa = XCConfigurationList;
			buildConfigurations = (
				84FC1F3721A2FE9900E9AB3A /* Debug */,
				84FC1F3821A2FE9900E9AB3A /* Release */,
			);
			defaultConfigurationIsVisible = 0;
			defaultConfigurationName = Release;
		};
/* End XCConfigurationList section */
	};
	rootObject = 84FC1F1C21A2FE9800E9AB3A /* Project object */;
}
